
Microsoft Visual Studio Solution File, Format Version 12.00
# Visual Studio Version 17
VisualStudioVersion = 17.1.32421.90
MinimumVisualStudioVersion = 10.0.40219.1
Project("{9A19103F-16F7-4668-BE54-9A1E7A4F7556}") = "PlatformHelper", "PlatformHelper.csproj", "{B7979B91-AE19-448A-82D3-4398D6C8117A}"
EndProject
Global
	GlobalSection(SolutionConfigurationPlatforms) = preSolution
		Debug|Any CPU = Debug|Any CPU
		Release|Any CPU = Release|Any CPU
	EndGlobalSection
	GlobalSection(ProjectConfigurationPlatforms) = postSolution
		{B7979B91-AE19-448A-82D3-4398D6C8117A}.Debug|Any CPU.ActiveCfg = Debug|Any CPU
		{B7979B91-AE19-448A-82D3-4398D6C8117A}.Debug|Any CPU.Build.0 = Debug|Any CPU
		{B7979B91-AE19-448A-82D3-4398D6C8117A}.Release|Any CPU.ActiveCfg = Release|Any CPU
		{B7979B91-AE19-448A-82D3-4398D6C8117A}.Release|Any CPU.Build.0 = Release|Any CPU
	EndGlobalSection
	GlobalSection(SolutionProperties) = preSolution
		HideSolutionNode = FALSE
	EndGlobalSection
	GlobalSection(ExtensibilityGlobals) = postSolution
		SolutionGuid = {4F71FFE6-4EF2-4EB9-B290-647471A0A54C}
	EndGlobalSection
EndGlobal
